// !$*UTF8*$!
{
	archiveVersion = 1;
	classes = {
	};
	objectVersion = 46;
	objects = {

/* Begin PBXBuildFile section */
		295F86FD3E38C531224E49D7 /* Pods_Uber_App_For_Driver.framework in Frameworks */ = {isa = PBXBuildFile; fileRef = 6A1F14B293E091FD67B2F4A4 /* Pods_Uber_App_For_Driver.framework */; };
		A07563411E3A533300735D81 /* AuthProvider.swift in Sources */ = {isa = PBXBuildFile; fileRef = A07563401E3A533300735D81 /* AuthProvider.swift */; };
		A09563C81E397DF10091E614 /* SignInVC.swift in Sources */ = {isa = PBXBuildFile; fileRef = A09563C71E397DF10091E614 /* SignInVC.swift */; };
		A0A0D65A1E399B1A003F9227 /* GoogleService-Info.plist in Resources */ = {isa = PBXBuildFile; fileRef = A0A0D6591E399B1A003F9227 /* GoogleService-Info.plist */; };
		A0AEE67D1E3B86B0000725E1 /* DriverVC.swift in Sources */ = {isa = PBXBuildFile; fileRef = A0AEE67C1E3B86B0000725E1 /* DriverVC.swift */; };
		A0AEE6841E3BA45D000725E1 /* DBProvider.swift in Sources */ = {isa = PBXBuildFile; fileRef = A0AEE6831E3BA45D000725E1 /* DBProvider.swift */; };
		A0AEE6861E3BA478000725E1 /* Constants.swift in Sources */ = {isa = PBXBuildFile; fileRef = A0AEE6851E3BA478000725E1 /* Constants.swift */; };
		A0AEE68A1E3BFA4C000725E1 /* UberHandler.swift in Sources */ = {isa = PBXBuildFile; fileRef = A0AEE6891E3BFA4C000725E1 /* UberHandler.swift */; };
		A0E66E891E37174C0069F24B /* AppDelegate.swift in Sources */ = {isa = PBXBuildFile; fileRef = A0E66E881E37174C0069F24B /* AppDelegate.swift */; };
		A0E66E8E1E37174C0069F24B /* Main.storyboard in Resources */ = {isa = PBXBuildFile; fileRef = A0E66E8C1E37174C0069F24B /* Main.storyboard */; };
		A0E66E901E37174C0069F24B /* Assets.xcassets in Resources */ = {isa = PBXBuildFile; fileRef = A0E66E8F1E37174C0069F24B /* Assets.xcassets */; };
		A0E66E931E37174C0069F24B /* LaunchScreen.storyboard in Resources */ = {isa = PBXBuildFile; fileRef = A0E66E911E37174C0069F24B /* LaunchScreen.storyboard */; };
/* End PBXBuildFile section */

/* Begin PBXFileReference section */
		3178E540AC46A77EE0959BE4 /* Pods-Uber App For Driver.release.xcconfig */ = {isa = PBXFileReference; includeInIndex = 1; lastKnownFileType = text.xcconfig; name = "Pods-Uber App For Driver.release.xcconfig"; path = "Pods/Target Support Files/Pods-Uber App For Driver/Pods-Uber App For Driver.release.xcconfig"; sourceTree = "<group>"; };
		6A1F14B293E091FD67B2F4A4 /* Pods_Uber_App_For_Driver.framework */ = {isa = PBXFileReference; explicitFileType = wrapper.framework; includeInIndex = 0; path = Pods_Uber_App_For_Driver.framework; sourceTree = BUILT_PRODUCTS_DIR; };
		93F0AF2D244081F8CFE5CA88 /* Pods-Uber App For Driver.debug.xcconfig */ = {isa = PBXFileReference; includeInIndex = 1; lastKnownFileType = text.xcconfig; name = "Pods-Uber App For Driver.debug.xcconfig"; path = "Pods/Target Support Files/Pods-Uber App For Driver/Pods-Uber App For Driver.debug.xcconfig"; sourceTree = "<group>"; };
		A07563401E3A533300735D81 /* AuthProvider.swift */ = {isa = PBXFileReference; fileEncoding = 4; lastKnownFileType = sourcecode.swift; path = AuthProvider.swift; sourceTree = "<group>"; };
		A09563C71E397DF10091E614 /* SignInVC.swift */ = {isa = PBXFileReference; fileEncoding = 4; lastKnownFileType = sourcecode.swift; path = SignInVC.swift; sourceTree = "<group>"; };
		A0A0D6591E399B1A003F9227 /* GoogleService-Info.plist */ = {isa = PBXFileReference; fileEncoding = 4; lastKnownFileType = text.plist.xml; path = "GoogleService-Info.plist"; sourceTree = "<group>"; };
		A0AEE67C1E3B86B0000725E1 /* DriverVC.swift */ = {isa = PBXFileReference; fileEncoding = 4; lastKnownFileType = sourcecode.swift; path = DriverVC.swift; sourceTree = "<group>"; };
		A0AEE6831E3BA45D000725E1 /* DBProvider.swift */ = {isa = PBXFileReference; fileEncoding = 4; lastKnownFileType = sourcecode.swift; path = DBProvider.swift; sourceTree = "<group>"; };
		A0AEE6851E3BA478000725E1 /* Constants.swift */ = {isa = PBXFileReference; fileEncoding = 4; lastKnownFileType = sourcecode.swift; path = Constants.swift; sourceTree = "<group>"; };
		A0AEE6891E3BFA4C000725E1 /* UberHandler.swift */ = {isa = PBXFileReference; fileEncoding = 4; lastKnownFileType = sourcecode.swift; path = UberHandler.swift; sourceTree = "<group>"; };
		A0E66E851E37174C0069F24B /* Uber App For Driver.app */ = {isa = PBXFileReference; explicitFileType = wrapper.application; includeInIndex = 0; path = "Uber App For Driver.app"; sourceTree = BUILT_PRODUCTS_DIR; };
		A0E66E881E37174C0069F24B /* AppDelegate.swift */ = {isa = PBXFileReference; lastKnownFileType = sourcecode.swift; path = AppDelegate.swift; sourceTree = "<group>"; };
		A0E66E8D1E37174C0069F24B /* Base */ = {isa = PBXFileReference; lastKnownFileType = file.storyboard; name = Base; path = Base.lproj/Main.storyboard; sourceTree = "<group>"; };
		A0E66E8F1E37174C0069F24B /* Assets.xcassets */ = {isa = PBXFileReference; lastKnownFileType = folder.assetcatalog; path = Assets.xcassets; sourceTree = "<group>"; };
		A0E66E921E37174C0069F24B /* Base */ = {isa = PBXFileReference; lastKnownFileType = file.storyboard; name = Base; path = Base.lproj/LaunchScreen.storyboard; sourceTree = "<group>"; };
		A0E66E941E37174C0069F24B /* Info.plist */ = {isa = PBXFileReference; lastKnownFileType = text.plist.xml; path = Info.plist; sourceTree = "<group>"; };
/* End PBXFileReference section */

/* Begin PBXFrameworksBuildPhase section */
		A0E66E821E37174B0069F24B /* Frameworks */ = {
			isa = PBXFrameworksBuildPhase;
			buildActionMask = 2147483647;
			files = (
				295F86FD3E38C531224E49D7 /* Pods_Uber_App_For_Driver.framework in Frameworks */,
			);
			runOnlyForDeploymentPostprocessing = 0;
		};
/* End PBXFrameworksBuildPhase section */

/* Begin PBXGroup section */
		044FFBDB6EEFCD6B7E3298AD /* Frameworks */ = {
			isa = PBXGroup;
			children = (
				6A1F14B293E091FD67B2F4A4 /* Pods_Uber_App_For_Driver.framework */,
			);
			name = Frameworks;
			sourceTree = "<group>";
		};
		A075633F1E3A531400735D81 /* Plugins */ = {
			isa = PBXGroup;
			children = (
				A07563401E3A533300735D81 /* AuthProvider.swift */,
				A0AEE6831E3BA45D000725E1 /* DBProvider.swift */,
				A0AEE6851E3BA478000725E1 /* Constants.swift */,
				A0AEE6891E3BFA4C000725E1 /* UberHandler.swift */,
			);
			name = Plugins;
			sourceTree = "<group>";
		};
		A0E66E7C1E37174B0069F24B = {
			isa = PBXGroup;
			children = (
				A0E66E871E37174C0069F24B /* Uber App For Driver */,
				A0E66E861E37174C0069F24B /* Products */,
				AAB9CDC5D34C460C478CFC1F /* Pods */,
				044FFBDB6EEFCD6B7E3298AD /* Frameworks */,
			);
			sourceTree = "<group>";
		};
		A0E66E861E37174C0069F24B /* Products */ = {
			isa = PBXGroup;
			children = (
				A0E66E851E37174C0069F24B /* Uber App For Driver.app */,
			);
			name = Products;
			sourceTree = "<group>";
		};
		A0E66E871E37174C0069F24B /* Uber App For Driver */ = {
			isa = PBXGroup;
			children = (
				A075633F1E3A531400735D81 /* Plugins */,
				A0E66EBA1E3720960069F24B /* Controller */,
				A0E66EB91E37208D0069F24B /* Model */,
				A0E66EB81E37207D0069F24B /* View */,
				A0E66E881E37174C0069F24B /* AppDelegate.swift */,
				A0E66E8C1E37174C0069F24B /* Main.storyboard */,
				A0E66E8F1E37174C0069F24B /* Assets.xcassets */,
				A0E66E911E37174C0069F24B /* LaunchScreen.storyboard */,
				A0A0D6591E399B1A003F9227 /* GoogleService-Info.plist */,
				A0E66E941E37174C0069F24B /* Info.plist */,
			);
			path = "Uber App For Driver";
			sourceTree = "<group>";
		};
		A0E66EB81E37207D0069F24B /* View */ = {
			isa = PBXGroup;
			children = (
			);
			name = View;
			sourceTree = "<group>";
		};
		A0E66EB91E37208D0069F24B /* Model */ = {
			isa = PBXGroup;
			children = (
			);
			name = Model;
			sourceTree = "<group>";
		};
		A0E66EBA1E3720960069F24B /* Controller */ = {
			isa = PBXGroup;
			children = (
				A09563C71E397DF10091E614 /* SignInVC.swift */,
				A0AEE67C1E3B86B0000725E1 /* DriverVC.swift */,
			);
			name = Controller;
			sourceTree = "<group>";
		};
		AAB9CDC5D34C460C478CFC1F /* Pods */ = {
			isa = PBXGroup;
			children = (
				93F0AF2D244081F8CFE5CA88 /* Pods-Uber App For Driver.debug.xcconfig */,
				3178E540AC46A77EE0959BE4 /* Pods-Uber App For Driver.release.xcconfig */,
			);
			name = Pods;
			sourceTree = "<group>";
		};
/* End PBXGroup section */

/* Begin PBXNativeTarget section */
		A0E66E841E37174B0069F24B /* Uber App For Driver */ = {
			isa = PBXNativeTarget;
			buildConfigurationList = A0E66E971E37174C0069F24B /* Build configuration list for PBXNativeTarget "Uber App For Driver" */;
			buildPhases = (
				02744CD631F1D127CAF62CF2 /* [CP] Check Pods Manifest.lock */,
				A0E66E811E37174B0069F24B /* Sources */,
				A0E66E821E37174B0069F24B /* Frameworks */,
				A0E66E831E37174B0069F24B /* Resources */,
				B309241AA7160FA91EF0AA87 /* [CP] Embed Pods Frameworks */,
				5D1544A8527F86078DF795CA /* [CP] Copy Pods Resources */,
			);
			buildRules = (
			);
			dependencies = (
			);
			name = "Uber App For Driver";
			productName = "Uber App For Driver";
			productReference = A0E66E851E37174C0069F24B /* Uber App For Driver.app */;
			productType = "com.apple.product-type.application";
		};
/* End PBXNativeTarget section */

/* Begin PBXProject section */
		A0E66E7D1E37174B0069F24B /* Project object */ = {
			isa = PBXProject;
			attributes = {
				LastSwiftUpdateCheck = 0820;
				LastUpgradeCheck = 0820;
				ORGANIZATIONNAME = "Emmanuel Erilibe";
				TargetAttributes = {
					A0E66E841E37174B0069F24B = {
						CreatedOnToolsVersion = 8.2.1;
						DevelopmentTeam = S45Z8F64BM;
						ProvisioningStyle = Automatic;
					};
				};
			};
			buildConfigurationList = A0E66E801E37174B0069F24B /* Build configuration list for PBXProject "Uber App For Driver" */;
			compatibilityVersion = "Xcode 3.2";
			developmentRegion = English;
			hasScannedForEncodings = 0;
			knownRegions = (
				en,
				Base,
			);
			mainGroup = A0E66E7C1E37174B0069F24B;
			productRefGroup = A0E66E861E37174C0069F24B /* Products */;
			projectDirPath = "";
			projectRoot = "";
			targets = (
				A0E66E841E37174B0069F24B /* Uber App For Driver */,
			);
		};
/* End PBXProject section */

/* Begin PBXResourcesBuildPhase section */
		A0E66E831E37174B0069F24B /* Resources */ = {
			isa = PBXResourcesBuildPhase;
			buildActionMask = 2147483647;
			files = (
				A0E66E931E37174C0069F24B /* LaunchScreen.storyboard in Resources */,
				A0A0D65A1E399B1A003F9227 /* GoogleService-Info.plist in Resources */,
				A0E66E901E37174C0069F24B /* Assets.xcassets in Resources */,
				A0E66E8E1E37174C0069F24B /* Main.storyboard in Resources */,
			);
			runOnlyForDeploymentPostprocessing = 0;
		};
/* End PBXResourcesBuildPhase section */

/* Begin PBXShellScriptBuildPhase section */
		02744CD631F1D127CAF62CF2 /* [CP] Check Pods Manifest.lock */ = {
			isa = PBXShellScriptBuildPhase;
			buildActionMask = 2147483647;
			files = (
			);
			inputPaths = (
			);
			name = "[CP] Check Pods Manifest.lock";
			outputPaths = (
			);
			runOnlyForDeploymentPostprocessing = 0;
			shellPath = /bin/sh;
			shellScript = "diff \"${PODS_ROOT}/../Podfile.lock\" \"${PODS_ROOT}/Manifest.lock\" > /dev/null\nif [ $? != 0 ] ; then\n    # print error to STDERR\n    echo \"error: The sandbox is not in sync with the Podfile.lock. Run 'pod install' or update your CocoaPods installation.\" >&2\n    exit 1\nfi\n";
			showEnvVarsInLog = 0;
		};
		5D1544A8527F86078DF795CA /* [CP] Copy Pods Resources */ = {
			isa = PBXShellScriptBuildPhase;
			buildActionMask = 2147483647;
			files = (
			);
			inputPaths = (
			);
			name = "[CP] Copy Pods Resources";
			outputPaths = (
			);
			runOnlyForDeploymentPostprocessing = 0;
			shellPath = /bin/sh;
			shellScript = "\"${SRCROOT}/Pods/Target Support Files/Pods-Uber App For Driver/Pods-Uber App For Driver-resources.sh\"\n";
			showEnvVarsInLog = 0;
		};
		B309241AA7160FA91EF0AA87 /* [CP] Embed Pods Frameworks */ = {
			isa = PBXShellScriptBuildPhase;
			buildActionMask = 2147483647;
			files = (
			);
			inputPaths = (
			);
			name = "[CP] Embed Pods Frameworks";
			outputPaths = (
			);
			runOnlyForDeploymentPostprocessing = 0;
			shellPath = /bin/sh;
			shellScript = "\"${SRCROOT}/Pods/Target Support Files/Pods-Uber App For Driver/Pods-Uber App For Driver-frameworks.sh\"\n";
			showEnvVarsInLog = 0;
		};
/* End PBXShellScriptBuildPhase section */

/* Begin PBXSourcesBuildPhase section */
		A0E66E811E37174B0069F24B /* Sources */ = {
			isa = PBXSourcesBuildPhase;
			buildActionMask = 2147483647;
			files = (
				A07563411E3A533300735D81 /* AuthProvider.swift in Sources */,
				A09563C81E397DF10091E614 /* SignInVC.swift in Sources */,
				A0AEE67D1E3B86B0000725E1 /* DriverVC.swift in Sources */,
				A0AEE6841E3BA45D000725E1 /* DBProvider.swift in Sources */,
				A0AEE68A1E3BFA4C000725E1 /* UberHandler.swift in Sources */,
				A0E66E891E37174C0069F24B /* AppDelegate.swift in Sources */,
				A0AEE6861E3BA478000725E1 /* Constants.swift in Sources */,
			);
			runOnlyForDeploymentPostprocessing = 0;
		};
/* End PBXSourcesBuildPhase section */

/* Begin PBXVariantGroup section */
		A0E66E8C1E37174C0069F24B /* Main.storyboard */ = {
			isa = PBXVariantGroup;
			children = (
				A0E66E8D1E37174C0069F24B /* Base */,
			);
			name = Main.storyboard;
			sourceTree = "<group>";
		};
		A0E66E911E37174C0069F24B /* LaunchScreen.storyboard */ = {
			isa = PBXVariantGroup;
			children = (
				A0E66E921E37174C0069F24B /* Base */,
			);
			name = LaunchScreen.storyboard;
			sourceTree = "<group>";
		};
/* End PBXVariantGroup section */

/* Begin XCBuildConfiguration section */
		A0E66E951E37174C0069F24B /* Debug */ = {
			isa = XCBuildConfiguration;
			buildSettings = {
				ALWAYS_SEARCH_USER_PATHS = NO;
				CLANG_ANALYZER_NONNULL = YES;
				CLANG_CXX_LANGUAGE_STANDARD = "gnu++0x";
				CLANG_CXX_LIBRARY = "libc++";
				CLANG_ENABLE_MODULES = YES;
				CLANG_ENABLE_OBJC_ARC = YES;
				CLANG_WARN_BOOL_CONVERSION = YES;
				CLANG_WARN_CONSTANT_CONVERSION = YES;
				CLANG_WARN_DIRECT_OBJC_ISA_USAGE = YES_ERROR;
				CLANG_WARN_DOCUMENTATION_COMMENTS = YES;
				CLANG_WARN_EMPTY_BODY = YES;
				CLANG_WARN_ENUM_CONVERSION = YES;
				CLANG_WARN_INFINITE_RECURSION = YES;
				CLANG_WARN_INT_CONVERSION = YES;
				CLANG_WARN_OBJC_ROOT_CLASS = YES_ERROR;
				CLANG_WARN_SUSPICIOUS_MOVE = YES;
				CLANG_WARN_UNREACHABLE_CODE = YES;
				CLANG_WARN__DUPLICATE_METHOD_MATCH = YES;
				"CODE_SIGN_IDENTITY[sdk=iphoneos*]" = "iPhone Developer";
				COPY_PHASE_STRIP = NO;
				DEBUG_INFORMATION_FORMAT = dwarf;
				ENABLE_STRICT_OBJC_MSGSEND = YES;
				ENABLE_TESTABILITY = YES;
				GCC_C_LANGUAGE_STANDARD = gnu99;
				GCC_DYNAMIC_NO_PIC = NO;
				GCC_NO_COMMON_BLOCKS = YES;
				GCC_OPTIMIZATION_LEVEL = 0;
				GCC_PREPROCESSOR_DEFINITIONS = (
					"DEBUG=1",
					"$(inherited)",
				);
				GCC_WARN_64_TO_32_BIT_CONVERSION = YES;
				GCC_WARN_ABOUT_RETURN_TYPE = YES_ERROR;
				GCC_WARN_UNDECLARED_SELECTOR = YES;
				GCC_WARN_UNINITIALIZED_AUTOS = YES_AGGRESSIVE;
				GCC_WARN_UNUSED_FUNCTION = YES;
				GCC_WARN_UNUSED_VARIABLE = YES;
				IPHONEOS_DEPLOYMENT_TARGET = 10.2;
				MTL_ENABLE_DEBUG_INFO = YES;
				ONLY_ACTIVE_ARCH = YES;
				SDKROOT = iphoneos;
				SWIFT_ACTIVE_COMPILATION_CONDITIONS = DEBUG;
				SWIFT_OPTIMIZATION_LEVEL = "-Onone";
			};
			name = Debug;
		};
		A0E66E961E37174C0069F24B /* Release */ = {
			isa = XCBuildConfiguration;
			buildSettings = {
				ALWAYS_SEARCH_USER_PATHS = NO;
				CLANG_ANALYZER_NONNULL = YES;
				CLANG_CXX_LANGUAGE_STANDARD = "gnu++0x";
				CLANG_CXX_LIBRARY = "libc++";
				CLANG_ENABLE_MODULES = YES;
				CLANG_ENABLE_OBJC_ARC = YES;
				CLANG_WARN_BOOL_CONVERSION = YES;
				CLANG_WARN_CONSTANT_CONVERSION = YES;
				CLANG_WARN_DIRECT_OBJC_ISA_USAGE = YES_ERROR;
				CLANG_WARN_DOCUMENTATION_COMMENTS = YES;
				CLANG_WARN_EMPTY_BODY = YES;
				CLANG_WARN_ENUM_CONVERSION = YES;
				CLANG_WARN_INFINITE_RECURSION = YES;
				CLANG_WARN_INT_CONVERSION = YES;
				CLANG_WARN_OBJC_ROOT_CLASS = YES_ERROR;
				CLANG_WARN_SUSPICIOUS_MOVE = YES;
				CLANG_WARN_UNREACHABLE_CODE = YES;
				CLANG_WARN__DUPLICATE_METHOD_MATCH = YES;
				"CODE_SIGN_IDENTITY[sdk=iphoneos*]" = "iPhone Developer";
				COPY_PHASE_STRIP = NO;
				DEBUG_INFORMATION_FORMAT = "dwarf-with-dsym";
				ENABLE_NS_ASSERTIONS = NO;
				ENABLE_STRICT_OBJC_MSGSEND = YES;
				GCC_C_LANGUAGE_STANDARD = gnu99;
				GCC_NO_COMMON_BLOCKS = YES;
				GCC_WARN_64_TO_32_BIT_CONVERSION = YES;
				GCC_WARN_ABOUT_RETURN_TYPE = YES_ERROR;
				GCC_WARN_UNDECLARED_SELECTOR = YES;
				GCC_WARN_UNINITIALIZED_AUTOS = YES_AGGRESSIVE;
				GCC_WARN_UNUSED_FUNCTION = YES;
				GCC_WARN_UNUSED_VARIABLE = YES;
				IPHONEOS_DEPLOYMENT_TARGET = 10.2;
				MTL_ENABLE_DEBUG_INFO = NO;
				SDKROOT = iphoneos;
				SWIFT_OPTIMIZATION_LEVEL = "-Owholemodule";
				VALIDATE_PRODUCT = YES;
			};
			name = Release;
		};
		A0E66E981E37174C0069F24B /* Debug */ = {
			isa = XCBuildConfiguration;
			baseConfigurationReference = 93F0AF2D244081F8CFE5CA88 /* Pods-Uber App For Driver.debug.xcconfig */;
			buildSettings = {
				ASSETCATALOG_COMPILER_APPICON_NAME = AppIcon;
				DEVELOPMENT_TEAM = S45Z8F64BM;
				INFOPLIST_FILE = "Uber App For Driver/Info.plist";
				LD_RUNPATH_SEARCH_PATHS = "$(inherited) @executable_path/Frameworks";
				PRODUCT_BUNDLE_IDENTIFIER = "com.sledgenail.Uber-App-For-Driver";
				PRODUCT_NAME = "$(TARGET_NAME)";
				SWIFT_VERSION = 3.0;
			};
			name = Debug;
		};
		A0E66E991E37174C0069F24B /* Release */ = {
			isa = XCBuildConfiguration;
			baseConfigurationReference = 3178E540AC46A77EE0959BE4 /* Pods-Uber App For Driver.release.xcconfig */;
			buildSettings = {
				ASSETCATALOG_COMPILER_APPICON_NAME = AppIcon;
				DEVELOPMENT_TEAM = S45Z8F64BM;
				INFOPLIST_FILE = "Uber App For Driver/Info.plist";
				LD_RUNPATH_SEARCH_PATHS = "$(inherited) @executable_path/Frameworks";
				PRODUCT_BUNDLE_IDENTIFIER = "com.sledgenail.Uber-App-For-Driver";
				PRODUCT_NAME = "$(TARGET_NAME)";
				SWIFT_VERSION = 3.0;
			};
			name = Release;
		};
/* End XCBuildConfiguration section */

/* Begin XCConfigurationList section */
		A0E66E801E37174B0069F24B /* Build configuration list for PBXProject "Uber App For Driver" */ = {
			isa = XCConfigurationList;
			buildConfigurations = (
				A0E66E951E37174C0069F24B /* Debug */,
				A0E66E961E37174C0069F24B /* Release */,
			);
			defaultConfigurationIsVisible = 0;
			defaultConfigurationName = Release;
		};
		A0E66E971E37174C0069F24B /* Build configuration list for PBXNativeTarget "Uber App For Driver" */ = {
			isa = XCConfigurationList;
			buildConfigurations = (
				A0E66E981E37174C0069F24B /* Debug */,
				A0E66E991E37174C0069F24B /* Release */,
			);
			defaultConfigurationIsVisible = 0;
			defaultConfigurationName = Release;
		};
/* End XCConfigurationList section */
	};
	rootObject = A0E66E7D1E37174B0069F24B /* Project object */;
}
